PODS:
  - Alamofire (5.0.2)
  - ReachabilitySwift (5.0.0)
  - RxCocoa (5.0.1):
    - RxRelay (~> 5)
    - RxSwift (~> 5)
  - RxRelay (5.0.1):
    - RxSwift (~> 5)
  - RxSwift (5.0.1)
  - Updates (1.2.2)

DEPENDENCIES:
  - Alamofire
  - ReachabilitySwift
  - RxCocoa
  - RxSwift
  - Updates

SPEC REPOS:
  trunk:
    - Alamofire
    - ReachabilitySwift
    - RxCocoa
    - RxRelay
    - RxSwift
    - Updates

SPEC CHECKSUMS:
  Alamofire: 3ba7a4db18b4f62c4a1c0e1cb39d7f3d52e10ada
  ReachabilitySwift: 985039c6f7b23a1da463388634119492ff86c825
  RxCocoa: e741b9749968e8a143e2b787f1dfbff2b63d0a5c
  RxRelay: 89d54507f4fd4d969e6ec1d4bd7f3673640b4640
  RxSwift: e2dc62b366a3adf6a0be44ba9f405efd4c94e0c4
  Updates: 6a7fae8b2f99f41160db337823eef8e51f6f29a0

PODFILE CHECKSUM: 6a43a650516e11a3c5898791167f38861cfb042f

COCOAPODS: 1.8.4
